
Microsoft Visual Studio Solution File, Format Version 12.00
# Visual Studio Version 17
VisualStudioVersion = 17.13.35806.99 d17.13
MinimumVisualStudioVersion = 10.0.40219.1
Project("{FAE04EC0-301F-11D3-BF4B-00C04F79EFBC}") = "TestFortify", "TestFortify\TestFortify.csproj", "{DD58CD1D-98A0-40AC-A0C4-2524C7EBB72D}"
EndProject
Global
	GlobalSection(SolutionConfigurationPlatforms) = preSolution
		Debug|Any CPU = Debug|Any CPU
		Release|Any CPU = Release|Any CPU
	EndGlobalSection
	GlobalSection(ProjectConfigurationPlatforms) = postSolution
		{DD58CD1D-98A0-40AC-A0C4-2524C7EBB72D}.Debug|Any CPU.ActiveCfg = Debug|Any CPU
		{DD58CD1D-98A0-40AC-A0C4-2524C7EBB72D}.Debug|Any CPU.Build.0 = Debug|Any CPU
		{DD58CD1D-98A0-40AC-A0C4-2524C7EBB72D}.Release|Any CPU.ActiveCfg = Release|Any CPU
		{DD58CD1D-98A0-40AC-A0C4-2524C7EBB72D}.Release|Any CPU.Build.0 = Release|Any CPU
	EndGlobalSection
	GlobalSection(SolutionProperties) = preSolution
		HideSolutionNode = FALSE
	EndGlobalSection
	GlobalSection(ExtensibilityGlobals) = postSolution
		SolutionGuid = {C4433580-90DD-45FB-A6F3-525F499F796A}
	EndGlobalSection
EndGlobal
